// !$*UTF8*$!
{
	archiveVersion = 1;
	classes = {
	};
	objectVersion = 56;
	objects = {

/* Begin PBXBuildFile section */
		381849602ADB2C4D00A109EE /* AppDelegate.swift in Sources */ = {isa = PBXBuildFile; fileRef = 3818495F2ADB2C4D00A109EE /* AppDelegate.swift */; };
		381849692ADB2C4E00A109EE /* Assets.xcassets in Resources */ = {isa = PBXBuildFile; fileRef = 381849682ADB2C4E00A109EE /* Assets.xcassets */; };
		3818496C2ADB2C4E00A109EE /* LaunchScreen.storyboard in Resources */ = {isa = PBXBuildFile; fileRef = 3818496A2ADB2C4E00A109EE /* LaunchScreen.storyboard */; };
		38A20C882ADC5CA900125B69 /* MainViewController.swift in Sources */ = {isa = PBXBuildFile; fileRef = 38A20C862ADC5CA900125B69 /* MainViewController.swift */; };
		38A20C892ADC5CA900125B69 /* MainViewController.xib in Resources */ = {isa = PBXBuildFile; fileRef = 38A20C872ADC5CA900125B69 /* MainViewController.xib */; };
		38E5BED22AE1C46300E5C4D0 /* MainViewController+TableView.swift in Sources */ = {isa = PBXBuildFile; fileRef = 38E5BED12AE1C46300E5C4D0 /* MainViewController+TableView.swift */; };
/* End PBXBuildFile section */

/* Begin PBXFileReference section */
		3818495C2ADB2C4D00A109EE /* MVVMPattern.app */ = {isa = PBXFileReference; explicitFileType = wrapper.application; includeInIndex = 0; path = MVVMPattern.app; sourceTree = BUILT_PRODUCTS_DIR; };
		3818495F2ADB2C4D00A109EE /* AppDelegate.swift */ = {isa = PBXFileReference; lastKnownFileType = sourcecode.swift; path = AppDelegate.swift; sourceTree = "<group>"; };
		381849682ADB2C4E00A109EE /* Assets.xcassets */ = {isa = PBXFileReference; lastKnownFileType = folder.assetcatalog; path = Assets.xcassets; sourceTree = "<group>"; };
		3818496B2ADB2C4E00A109EE /* Base */ = {isa = PBXFileReference; lastKnownFileType = file.storyboard; name = Base; path = Base.lproj/LaunchScreen.storyboard; sourceTree = "<group>"; };
		3818496D2ADB2C4E00A109EE /* Info.plist */ = {isa = PBXFileReference; lastKnownFileType = text.plist.xml; path = Info.plist; sourceTree = "<group>"; };
		38A20C862ADC5CA900125B69 /* MainViewController.swift */ = {isa = PBXFileReference; lastKnownFileType = sourcecode.swift; path = MainViewController.swift; sourceTree = "<group>"; };
		38A20C872ADC5CA900125B69 /* MainViewController.xib */ = {isa = PBXFileReference; lastKnownFileType = file.xib; path = MainViewController.xib; sourceTree = "<group>"; };
		38E5BED12AE1C46300E5C4D0 /* MainViewController+TableView.swift */ = {isa = PBXFileReference; lastKnownFileType = sourcecode.swift; path = "MainViewController+TableView.swift"; sourceTree = "<group>"; };
/* End PBXFileReference section */

/* Begin PBXFrameworksBuildPhase section */
		381849592ADB2C4D00A109EE /* Frameworks */ = {
			isa = PBXFrameworksBuildPhase;
			buildActionMask = 2147483647;
			files = (
			);
			runOnlyForDeploymentPostprocessing = 0;
		};
/* End PBXFrameworksBuildPhase section */

/* Begin PBXGroup section */
		381849532ADB2C4D00A109EE = {
			isa = PBXGroup;
			children = (
				3818495E2ADB2C4D00A109EE /* MVVMPattern */,
				3818495D2ADB2C4D00A109EE /* Products */,
			);
			sourceTree = "<group>";
		};
		3818495D2ADB2C4D00A109EE /* Products */ = {
			isa = PBXGroup;
			children = (
				3818495C2ADB2C4D00A109EE /* MVVMPattern.app */,
			);
			name = Products;
			sourceTree = "<group>";
		};
		3818495E2ADB2C4D00A109EE /* MVVMPattern */ = {
			isa = PBXGroup;
			children = (
				386E65562ADD3DD9009618D2 /* Networking */,
				386E65552ADD3DC2009618D2 /* Extensions */,
				386E65542ADD3D8E009618D2 /* Resources */,
				386E65532ADD3D67009618D2 /* Classes */,
				386E65522ADD3D59009618D2 /* Model */,
				386E65512ADD3D3A009618D2 /* Controllers */,
				386E65502ADD3D21009618D2 /* ViewModel */,
				386E654F2ADD3D0D009618D2 /* View */,
				3818495F2ADB2C4D00A109EE /* AppDelegate.swift */,
				3818496D2ADB2C4E00A109EE /* Info.plist */,
			);
			path = MVVMPattern;
			sourceTree = "<group>";
		};
		386E654F2ADD3D0D009618D2 /* View */ = {
			isa = PBXGroup;
			children = (
				3818496A2ADB2C4E00A109EE /* LaunchScreen.storyboard */,
			);
			path = View;
			sourceTree = "<group>";
		};
		386E65502ADD3D21009618D2 /* ViewModel */ = {
			isa = PBXGroup;
			children = (
			);
			path = ViewModel;
			sourceTree = "<group>";
		};
		386E65512ADD3D3A009618D2 /* Controllers */ = {
			isa = PBXGroup;
			children = (
				38A20C852ADC5C5E00125B69 /* MainViewConrtoller */,
			);
			path = Controllers;
			sourceTree = "<group>";
		};
		386E65522ADD3D59009618D2 /* Model */ = {
			isa = PBXGroup;
			children = (
			);
			path = Model;
			sourceTree = "<group>";
		};
		386E65532ADD3D67009618D2 /* Classes */ = {
			isa = PBXGroup;
			children = (
			);
			path = Classes;
			sourceTree = "<group>";
		};
		386E65542ADD3D8E009618D2 /* Resources */ = {
			isa = PBXGroup;
			children = (
				381849682ADB2C4E00A109EE /* Assets.xcassets */,
			);
			path = Resources;
			sourceTree = "<group>";
		};
		386E65552ADD3DC2009618D2 /* Extensions */ = {
			isa = PBXGroup;
			children = (
			);
			path = Extensions;
			sourceTree = "<group>";
		};
		386E65562ADD3DD9009618D2 /* Networking */ = {
			isa = PBXGroup;
			children = (
			);
			path = Networking;
			sourceTree = "<group>";
		};
		38A20C852ADC5C5E00125B69 /* MainViewConrtoller */ = {
			isa = PBXGroup;
			children = (
				38A20C862ADC5CA900125B69 /* MainViewController.swift */,
				38A20C872ADC5CA900125B69 /* MainViewController.xib */,
				38E5BED12AE1C46300E5C4D0 /* MainViewController+TableView.swift */,
			);
			path = MainViewConrtoller;
			sourceTree = "<group>";
		};
/* End PBXGroup section */

/* Begin PBXNativeTarget section */
		3818495B2ADB2C4D00A109EE /* MVVMPattern */ = {
			isa = PBXNativeTarget;
			buildConfigurationList = 381849702ADB2C4E00A109EE /* Build configuration list for PBXNativeTarget "MVVMPattern" */;
			buildPhases = (
				381849582ADB2C4D00A109EE /* Sources */,
				381849592ADB2C4D00A109EE /* Frameworks */,
				3818495A2ADB2C4D00A109EE /* Resources */,
			);
			buildRules = (
			);
			dependencies = (
			);
			name = MVVMPattern;
			productName = MVVMPattern;
			productReference = 3818495C2ADB2C4D00A109EE /* MVVMPattern.app */;
			productType = "com.apple.product-type.application";
		};
/* End PBXNativeTarget section */

/* Begin PBXProject section */
		381849542ADB2C4D00A109EE /* Project object */ = {
			isa = PBXProject;
			attributes = {
				BuildIndependentTargetsInParallel = 1;
				LastSwiftUpdateCheck = 1430;
				LastUpgradeCheck = 1430;
				TargetAttributes = {
					3818495B2ADB2C4D00A109EE = {
						CreatedOnToolsVersion = 14.3.1;
					};
				};
			};
			buildConfigurationList = 381849572ADB2C4D00A109EE /* Build configuration list for PBXProject "MVVMPattern" */;
			compatibilityVersion = "Xcode 14.0";
			developmentRegion = en;
			hasScannedForEncodings = 0;
			knownRegions = (
				en,
				Base,
			);
			mainGroup = 381849532ADB2C4D00A109EE;
			productRefGroup = 3818495D2ADB2C4D00A109EE /* Products */;
			projectDirPath = "";
			projectRoot = "";
			targets = (
				3818495B2ADB2C4D00A109EE /* MVVMPattern */,
			);
		};
/* End PBXProject section */

/* Begin PBXResourcesBuildPhase section */
		3818495A2ADB2C4D00A109EE /* Resources */ = {
			isa = PBXResourcesBuildPhase;
			buildActionMask = 2147483647;
			files = (
				3818496C2ADB2C4E00A109EE /* LaunchScreen.storyboard in Resources */,
				38A20C892ADC5CA900125B69 /* MainViewController.xib in Resources */,
				381849692ADB2C4E00A109EE /* Assets.xcassets in Resources */,
			);
			runOnlyForDeploymentPostprocessing = 0;
		};
/* End PBXResourcesBuildPhase section */

/* Begin PBXSourcesBuildPhase section */
		381849582ADB2C4D00A109EE /* Sources */ = {
			isa = PBXSourcesBuildPhase;
			buildActionMask = 2147483647;
			files = (
				381849602ADB2C4D00A109EE /* AppDelegate.swift in Sources */,
				38E5BED22AE1C46300E5C4D0 /* MainViewController+TableView.swift in Sources */,
				38A20C882ADC5CA900125B69 /* MainViewController.swift in Sources */,
			);
			runOnlyForDeploymentPostprocessing = 0;
		};
/* End PBXSourcesBuildPhase section */

/* Begin PBXVariantGroup section */
		3818496A2ADB2C4E00A109EE /* LaunchScreen.storyboard */ = {
			isa = PBXVariantGroup;
			children = (
				3818496B2ADB2C4E00A109EE /* Base */,
			);
			name = LaunchScreen.storyboard;
			sourceTree = "<group>";
		};
/* End PBXVariantGroup section */

/* Begin XCBuildConfiguration section */
		3818496E2ADB2C4E00A109EE /* Debug */ = {
			isa = XCBuildConfiguration;
			buildSettings = {
				ALWAYS_SEARCH_USER_PATHS = NO;
				CLANG_ANALYZER_NONNULL = YES;
				CLANG_ANALYZER_NUMBER_OBJECT_CONVERSION = YES_AGGRESSIVE;
				CLANG_CXX_LANGUAGE_STANDARD = "gnu++20";
				CLANG_ENABLE_MODULES = YES;
				CLANG_ENABLE_OBJC_ARC = YES;
				CLANG_ENABLE_OBJC_WEAK = YES;
				CLANG_WARN_BLOCK_CAPTURE_AUTORELEASING = YES;
				CLANG_WARN_BOOL_CONVERSION = YES;
				CLANG_WARN_COMMA = YES;
				CLANG_WARN_CONSTANT_CONVERSION = YES;
				CLANG_WARN_DEPRECATED_OBJC_IMPLEMENTATIONS = YES;
				CLANG_WARN_DIRECT_OBJC_ISA_USAGE = YES_ERROR;
				CLANG_WARN_DOCUMENTATION_COMMENTS = YES;
				CLANG_WARN_EMPTY_BODY = YES;
				CLANG_WARN_ENUM_CONVERSION = YES;
				CLANG_WARN_INFINITE_RECURSION = YES;
				CLANG_WARN_INT_CONVERSION = YES;
				CLANG_WARN_NON_LITERAL_NULL_CONVERSION = YES;
				CLANG_WARN_OBJC_IMPLICIT_RETAIN_SELF = YES;
				CLANG_WARN_OBJC_LITERAL_CONVERSION = YES;
				CLANG_WARN_OBJC_ROOT_CLASS = YES_ERROR;
				CLANG_WARN_QUOTED_INCLUDE_IN_FRAMEWORK_HEADER = YES;
				CLANG_WARN_RANGE_LOOP_ANALYSIS = YES;
				CLANG_WARN_STRICT_PROTOTYPES = YES;
				CLANG_WARN_SUSPICIOUS_MOVE = YES;
				CLANG_WARN_UNGUARDED_AVAILABILITY = YES_AGGRESSIVE;
				CLANG_WARN_UNREACHABLE_CODE = YES;
				CLANG_WARN__DUPLICATE_METHOD_MATCH = YES;
				COPY_PHASE_STRIP = NO;
				DEBUG_INFORMATION_FORMAT = dwarf;
				ENABLE_STRICT_OBJC_MSGSEND = YES;
				ENABLE_TESTABILITY = YES;
				GCC_C_LANGUAGE_STANDARD = gnu11;
				GCC_DYNAMIC_NO_PIC = NO;
				GCC_NO_COMMON_BLOCKS = YES;
				GCC_OPTIMIZATION_LEVEL = 0;
				GCC_PREPROCESSOR_DEFINITIONS = (
					"DEBUG=1",
					"$(inherited)",
				);
				GCC_WARN_64_TO_32_BIT_CONVERSION = YES;
				GCC_WARN_ABOUT_RETURN_TYPE = YES_ERROR;
				GCC_WARN_UNDECLARED_SELECTOR = YES;
				GCC_WARN_UNINITIALIZED_AUTOS = YES_AGGRESSIVE;
				GCC_WARN_UNUSED_FUNCTION = YES;
				GCC_WARN_UNUSED_VARIABLE = YES;
				IPHONEOS_DEPLOYMENT_TARGET = 16.4;
				MTL_ENABLE_DEBUG_INFO = INCLUDE_SOURCE;
				MTL_FAST_MATH = YES;
				ONLY_ACTIVE_ARCH = YES;
				SDKROOT = iphoneos;
				SWIFT_ACTIVE_COMPILATION_CONDITIONS = DEBUG;
				SWIFT_OPTIMIZATION_LEVEL = "-Onone";
			};
			name = Debug;
		};
		3818496F2ADB2C4E00A109EE /* Release */ = {
			isa = XCBuildConfiguration;
			buildSettings = {
				ALWAYS_SEARCH_USER_PATHS = NO;
				CLANG_ANALYZER_NONNULL = YES;
				CLANG_ANALYZER_NUMBER_OBJECT_CONVERSION = YES_AGGRESSIVE;
				CLANG_CXX_LANGUAGE_STANDARD = "gnu++20";
				CLANG_ENABLE_MODULES = YES;
				CLANG_ENABLE_OBJC_ARC = YES;
				CLANG_ENABLE_OBJC_WEAK = YES;
				CLANG_WARN_BLOCK_CAPTURE_AUTORELEASING = YES;
				CLANG_WARN_BOOL_CONVERSION = YES;
				CLANG_WARN_COMMA = YES;
				CLANG_WARN_CONSTANT_CONVERSION = YES;
				CLANG_WARN_DEPRECATED_OBJC_IMPLEMENTATIONS = YES;
				CLANG_WARN_DIRECT_OBJC_ISA_USAGE = YES_ERROR;
				CLANG_WARN_DOCUMENTATION_COMMENTS = YES;
				CLANG_WARN_EMPTY_BODY = YES;
				CLANG_WARN_ENUM_CONVERSION = YES;
				CLANG_WARN_INFINITE_RECURSION = YES;
				CLANG_WARN_INT_CONVERSION = YES;
				CLANG_WARN_NON_LITERAL_NULL_CONVERSION = YES;
				CLANG_WARN_OBJC_IMPLICIT_RETAIN_SELF = YES;
				CLANG_WARN_OBJC_LITERAL_CONVERSION = YES;
				CLANG_WARN_OBJC_ROOT_CLASS = YES_ERROR;
				CLANG_WARN_QUOTED_INCLUDE_IN_FRAMEWORK_HEADER = YES;
				CLANG_WARN_RANGE_LOOP_ANALYSIS = YES;
				CLANG_WARN_STRICT_PROTOTYPES = YES;
				CLANG_WARN_SUSPICIOUS_MOVE = YES;
				CLANG_WARN_UNGUARDED_AVAILABILITY = YES_AGGRESSIVE;
				CLANG_WARN_UNREACHABLE_CODE = YES;
				CLANG_WARN__DUPLICATE_METHOD_MATCH = YES;
				COPY_PHASE_STRIP = NO;
				DEBUG_INFORMATION_FORMAT = "dwarf-with-dsym";
				ENABLE_NS_ASSERTIONS = NO;
				ENABLE_STRICT_OBJC_MSGSEND = YES;
				GCC_C_LANGUAGE_STANDARD = gnu11;
				GCC_NO_COMMON_BLOCKS = YES;
				GCC_WARN_64_TO_32_BIT_CONVERSION = YES;
				GCC_WARN_ABOUT_RETURN_TYPE = YES_ERROR;
				GCC_WARN_UNDECLARED_SELECTOR = YES;
				GCC_WARN_UNINITIALIZED_AUTOS = YES_AGGRESSIVE;
				GCC_WARN_UNUSED_FUNCTION = YES;
				GCC_WARN_UNUSED_VARIABLE = YES;
				IPHONEOS_DEPLOYMENT_TARGET = 16.4;
				MTL_ENABLE_DEBUG_INFO = NO;
				MTL_FAST_MATH = YES;
				SDKROOT = iphoneos;
				SWIFT_COMPILATION_MODE = wholemodule;
				SWIFT_OPTIMIZATION_LEVEL = "-O";
				VALIDATE_PRODUCT = YES;
			};
			name = Release;
		};
		381849712ADB2C4E00A109EE /* Debug */ = {
			isa = XCBuildConfiguration;
			buildSettings = {
				ASSETCATALOG_COMPILER_APPICON_NAME = AppIcon;
				ASSETCATALOG_COMPILER_GLOBAL_ACCENT_COLOR_NAME = AccentColor;
				CODE_SIGN_STYLE = Automatic;
				CURRENT_PROJECT_VERSION = 1;
				DEVELOPMENT_TEAM = S274C7V2R8;
				GENERATE_INFOPLIST_FILE = YES;
				INFOPLIST_FILE = MVVMPattern/Info.plist;
				INFOPLIST_KEY_UIApplicationSupportsIndirectInputEvents = YES;
				INFOPLIST_KEY_UILaunchStoryboardName = LaunchScreen;
				INFOPLIST_KEY_UIStatusBarStyle = "";
				INFOPLIST_KEY_UISupportedInterfaceOrientations_iPad = "UIInterfaceOrientationPortrait UIInterfaceOrientationPortraitUpsideDown UIInterfaceOrientationLandscapeLeft UIInterfaceOrientationLandscapeRight";
				INFOPLIST_KEY_UISupportedInterfaceOrientations_iPhone = "UIInterfaceOrientationPortrait UIInterfaceOrientationLandscapeLeft UIInterfaceOrientationLandscapeRight";
				LD_RUNPATH_SEARCH_PATHS = (
					"$(inherited)",
					"@executable_path/Frameworks",
				);
				MARKETING_VERSION = 1.0;
				PRODUCT_BUNDLE_IDENTIFIER = com.ramimustafa.MVVMPattern;
				PRODUCT_NAME = "$(TARGET_NAME)";
				SUPPORTED_PLATFORMS = "iphoneos iphonesimulator";
				SUPPORTS_MACCATALYST = NO;
				SUPPORTS_MAC_DESIGNED_FOR_IPHONE_IPAD = NO;
				SWIFT_EMIT_LOC_STRINGS = YES;
				SWIFT_VERSION = 5.0;
				TARGETED_DEVICE_FAMILY = 1;
			};
			name = Debug;
		};
		381849722ADB2C4E00A109EE /* Release */ = {
			isa = XCBuildConfiguration;
			buildSettings = {
				ASSETCATALOG_COMPILER_APPICON_NAME = AppIcon;
				ASSETCATALOG_COMPILER_GLOBAL_ACCENT_COLOR_NAME = AccentColor;
				CODE_SIGN_STYLE = Automatic;
				CURRENT_PROJECT_VERSION = 1;
				DEVELOPMENT_TEAM = S274C7V2R8;
				GENERATE_INFOPLIST_FILE = YES;
				INFOPLIST_FILE = MVVMPattern/Info.plist;
				INFOPLIST_KEY_UIApplicationSupportsIndirectInputEvents = YES;
				INFOPLIST_KEY_UILaunchStoryboardName = LaunchScreen;
				INFOPLIST_KEY_UIStatusBarStyle = "";
				INFOPLIST_KEY_UISupportedInterfaceOrientations_iPad = "UIInterfaceOrientationPortrait UIInterfaceOrientationPortraitUpsideDown UIInterfaceOrientationLandscapeLeft UIInterfaceOrientationLandscapeRight";
				INFOPLIST_KEY_UISupportedInterfaceOrientations_iPhone = "UIInterfaceOrientationPortrait UIInterfaceOrientationLandscapeLeft UIInterfaceOrientationLandscapeRight";
				LD_RUNPATH_SEARCH_PATHS = (
					"$(inherited)",
					"@executable_path/Frameworks",
				);
				MARKETING_VERSION = 1.0;
				PRODUCT_BUNDLE_IDENTIFIER = com.ramimustafa.MVVMPattern;
				PRODUCT_NAME = "$(TARGET_NAME)";
				SUPPORTED_PLATFORMS = "iphoneos iphonesimulator";
				SUPPORTS_MACCATALYST = NO;
				SUPPORTS_MAC_DESIGNED_FOR_IPHONE_IPAD = NO;
				SWIFT_EMIT_LOC_STRINGS = YES;
				SWIFT_VERSION = 5.0;
				TARGETED_DEVICE_FAMILY = 1;
			};
			name = Release;
		};
/* End XCBuildConfiguration section */

/* Begin XCConfigurationList section */
		381849572ADB2C4D00A109EE /* Build configuration list for PBXProject "MVVMPattern" */ = {
			isa = XCConfigurationList;
			buildConfigurations = (
				3818496E2ADB2C4E00A109EE /* Debug */,
				3818496F2ADB2C4E00A109EE /* Release */,
			);
			defaultConfigurationIsVisible = 0;
			defaultConfigurationName = Release;
		};
		381849702ADB2C4E00A109EE /* Build configuration list for PBXNativeTarget "MVVMPattern" */ = {
			isa = XCConfigurationList;
			buildConfigurations = (
				381849712ADB2C4E00A109EE /* Debug */,
				381849722ADB2C4E00A109EE /* Release */,
			);
			defaultConfigurationIsVisible = 0;
			defaultConfigurationName = Release;
		};
/* End XCConfigurationList section */
	};
	rootObject = 381849542ADB2C4D00A109EE /* Project object */;
}
